// !$*UTF8*$!
{
	archiveVersion = 1;
	classes = {
	};
	objectVersion = 55;
	objects = {

/* Begin PBXBuildFile section */
		F27E94A927E1841C00150FB2 /* macUSPCIO.hpp in Headers */ = {isa = PBXBuildFile; fileRef = F27E94A827E1841C00150FB2 /* macUSPCIO.hpp */; };
		F27E94AB27E1841C00150FB2 /* macUSPCIO.cpp in Sources */ = {isa = PBXBuildFile; fileRef = F27E94AA27E1841C00150FB2 /* macUSPCIO.cpp */; };
/* End PBXBuildFile section */

/* Begin PBXFileReference section */
		F27E94A527E1841C00150FB2 /* macUSPCIO.kext */ = {isa = PBXFileReference; explicitFileType = wrapper.cfbundle; includeInIndex = 0; path = macUSPCIO.kext; sourceTree = BUILT_PRODUCTS_DIR; };
		F27E94A827E1841C00150FB2 /* macUSPCIO.hpp */ = {isa = PBXFileReference; lastKnownFileType = sourcecode.cpp.h; path = macUSPCIO.hpp; sourceTree = "<group>"; };
		F27E94AA27E1841C00150FB2 /* macUSPCIO.cpp */ = {isa = PBXFileReference; lastKnownFileType = sourcecode.cpp.cpp; path = macUSPCIO.cpp; sourceTree = "<group>"; };
		F27E94AC27E1841C00150FB2 /* Info.plist */ = {isa = PBXFileReference; lastKnownFileType = text.plist.xml; path = Info.plist; sourceTree = "<group>"; };
/* End PBXFileReference section */

/* Begin PBXFrameworksBuildPhase section */
		F27E94A227E1841C00150FB2 /* Frameworks */ = {
			isa = PBXFrameworksBuildPhase;
			buildActionMask = 2147483647;
			files = (
			);
			runOnlyForDeploymentPostprocessing = 0;
		};
/* End PBXFrameworksBuildPhase section */

/* Begin PBXGroup section */
		F27E949B27E1841C00150FB2 = {
			isa = PBXGroup;
			children = (
				F27E94A727E1841C00150FB2 /* macUSPCIO */,
				F27E94A627E1841C00150FB2 /* Products */,
			);
			sourceTree = "<group>";
		};
		F27E94A627E1841C00150FB2 /* Products */ = {
			isa = PBXGroup;
			children = (
				F27E94A527E1841C00150FB2 /* macUSPCIO.kext */,
			);
			name = Products;
			sourceTree = "<group>";
		};
		F27E94A727E1841C00150FB2 /* macUSPCIO */ = {
			isa = PBXGroup;
			children = (
				F27E94A827E1841C00150FB2 /* macUSPCIO.hpp */,
				F27E94AA27E1841C00150FB2 /* macUSPCIO.cpp */,
				F27E94AC27E1841C00150FB2 /* Info.plist */,
			);
			path = macUSPCIO;
			sourceTree = "<group>";
		};
/* End PBXGroup section */

/* Begin PBXHeadersBuildPhase section */
		F27E94A027E1841C00150FB2 /* Headers */ = {
			isa = PBXHeadersBuildPhase;
			buildActionMask = 2147483647;
			files = (
				F27E94A927E1841C00150FB2 /* macUSPCIO.hpp in Headers */,
			);
			runOnlyForDeploymentPostprocessing = 0;
		};
/* End PBXHeadersBuildPhase section */

/* Begin PBXNativeTarget section */
		F27E94A427E1841C00150FB2 /* macUSPCIO */ = {
			isa = PBXNativeTarget;
			buildConfigurationList = F27E94AF27E1841C00150FB2 /* Build configuration list for PBXNativeTarget "macUSPCIO" */;
			buildPhases = (
				F27E94A027E1841C00150FB2 /* Headers */,
				F27E94A127E1841C00150FB2 /* Sources */,
				F27E94A227E1841C00150FB2 /* Frameworks */,
				F27E94A327E1841C00150FB2 /* Resources */,
			);
			buildRules = (
			);
			dependencies = (
			);
			name = macUSPCIO;
			productName = macUSPCIO;
			productReference = F27E94A527E1841C00150FB2 /* macUSPCIO.kext */;
			productType = "com.apple.product-type.kernel-extension";
		};
/* End PBXNativeTarget section */

/* Begin PBXProject section */
		F27E949C27E1841C00150FB2 /* Project object */ = {
			isa = PBXProject;
			attributes = {
				BuildIndependentTargetsInParallel = 1;
				LastUpgradeCheck = 1320;
				TargetAttributes = {
					F27E94A427E1841C00150FB2 = {
						CreatedOnToolsVersion = 13.2.1;
					};
				};
			};
			buildConfigurationList = F27E949F27E1841C00150FB2 /* Build configuration list for PBXProject "macUSPCIO" */;
			compatibilityVersion = "Xcode 13.0";
			developmentRegion = en;
			hasScannedForEncodings = 0;
			knownRegions = (
				en,
				Base,
			);
			mainGroup = F27E949B27E1841C00150FB2;
			productRefGroup = F27E94A627E1841C00150FB2 /* Products */;
			projectDirPath = "";
			projectRoot = "";
			targets = (
				F27E94A427E1841C00150FB2 /* macUSPCIO */,
			);
		};
/* End PBXProject section */

/* Begin PBXResourcesBuildPhase section */
		F27E94A327E1841C00150FB2 /* Resources */ = {
			isa = PBXResourcesBuildPhase;
			buildActionMask = 2147483647;
			files = (
			);
			runOnlyForDeploymentPostprocessing = 0;
		};
/* End PBXResourcesBuildPhase section */

/* Begin PBXSourcesBuildPhase section */
		F27E94A127E1841C00150FB2 /* Sources */ = {
			isa = PBXSourcesBuildPhase;
			buildActionMask = 2147483647;
			files = (
				F27E94AB27E1841C00150FB2 /* macUSPCIO.cpp in Sources */,
			);
			runOnlyForDeploymentPostprocessing = 0;
		};
/* End PBXSourcesBuildPhase section */

/* Begin XCBuildConfiguration section */
		F27E94AD27E1841C00150FB2 /* Debug */ = {
			isa = XCBuildConfiguration;
			buildSettings = {
				ALWAYS_SEARCH_USER_PATHS = NO;
				CLANG_ANALYZER_NONNULL = YES;
				CLANG_ANALYZER_NUMBER_OBJECT_CONVERSION = YES_AGGRESSIVE;
				CLANG_CXX_LANGUAGE_STANDARD = "gnu++17";
				CLANG_CXX_LIBRARY = "libc++";
				CLANG_ENABLE_MODULES = YES;
				CLANG_ENABLE_OBJC_ARC = YES;
				CLANG_ENABLE_OBJC_WEAK = YES;
				CLANG_WARN_BLOCK_CAPTURE_AUTORELEASING = YES;
				CLANG_WARN_BOOL_CONVERSION = YES;
				CLANG_WARN_COMMA = YES;
				CLANG_WARN_CONSTANT_CONVERSION = YES;
				CLANG_WARN_DEPRECATED_OBJC_IMPLEMENTATIONS = YES;
				CLANG_WARN_DIRECT_OBJC_ISA_USAGE = YES_ERROR;
				CLANG_WARN_DOCUMENTATION_COMMENTS = YES;
				CLANG_WARN_EMPTY_BODY = YES;
				CLANG_WARN_ENUM_CONVERSION = YES;
				CLANG_WARN_INFINITE_RECURSION = YES;
				CLANG_WARN_INT_CONVERSION = YES;
				CLANG_WARN_NON_LITERAL_NULL_CONVERSION = YES;
				CLANG_WARN_OBJC_IMPLICIT_RETAIN_SELF = YES;
				CLANG_WARN_OBJC_LITERAL_CONVERSION = YES;
				CLANG_WARN_OBJC_ROOT_CLASS = YES_ERROR;
				CLANG_WARN_QUOTED_INCLUDE_IN_FRAMEWORK_HEADER = YES;
				CLANG_WARN_RANGE_LOOP_ANALYSIS = YES;
				CLANG_WARN_STRICT_PROTOTYPES = YES;
				CLANG_WARN_SUSPICIOUS_MOVE = YES;
				CLANG_WARN_UNGUARDED_AVAILABILITY = YES_AGGRESSIVE;
				CLANG_WARN_UNREACHABLE_CODE = YES;
				CLANG_WARN__DUPLICATE_METHOD_MATCH = YES;
				COPY_PHASE_STRIP = NO;
				DEBUG_INFORMATION_FORMAT = dwarf;
				ENABLE_STRICT_OBJC_MSGSEND = YES;
				ENABLE_TESTABILITY = YES;
				GCC_C_LANGUAGE_STANDARD = gnu11;
				GCC_DYNAMIC_NO_PIC = NO;
				GCC_NO_COMMON_BLOCKS = YES;
				GCC_OPTIMIZATION_LEVEL = 0;
				GCC_PREPROCESSOR_DEFINITIONS = (
					"DEBUG=1",
					"$(inherited)",
				);
				GCC_WARN_64_TO_32_BIT_CONVERSION = YES;
				GCC_WARN_ABOUT_RETURN_TYPE = YES_ERROR;
				GCC_WARN_UNDECLARED_SELECTOR = YES;
				GCC_WARN_UNINITIALIZED_AUTOS = YES_AGGRESSIVE;
				GCC_WARN_UNUSED_FUNCTION = YES;
				GCC_WARN_UNUSED_VARIABLE = YES;
				MACOSX_DEPLOYMENT_TARGET = 12.1;
				MTL_ENABLE_DEBUG_INFO = INCLUDE_SOURCE;
				MTL_FAST_MATH = YES;
				ONLY_ACTIVE_ARCH = YES;
				SDKROOT = macosx;
			};
			name = Debug;
		};
		F27E94AE27E1841C00150FB2 /* Release */ = {
			isa = XCBuildConfiguration;
			buildSettings = {
				ALWAYS_SEARCH_USER_PATHS = NO;
				CLANG_ANALYZER_NONNULL = YES;
				CLANG_ANALYZER_NUMBER_OBJECT_CONVERSION = YES_AGGRESSIVE;
				CLANG_CXX_LANGUAGE_STANDARD = "gnu++17";
				CLANG_CXX_LIBRARY = "libc++";
				CLANG_ENABLE_MODULES = YES;
				CLANG_ENABLE_OBJC_ARC = YES;
				CLANG_ENABLE_OBJC_WEAK = YES;
				CLANG_WARN_BLOCK_CAPTURE_AUTORELEASING = YES;
				CLANG_WARN_BOOL_CONVERSION = YES;
				CLANG_WARN_COMMA = YES;
				CLANG_WARN_CONSTANT_CONVERSION = YES;
				CLANG_WARN_DEPRECATED_OBJC_IMPLEMENTATIONS = YES;
				CLANG_WARN_DIRECT_OBJC_ISA_USAGE = YES_ERROR;
				CLANG_WARN_DOCUMENTATION_COMMENTS = YES;
				CLANG_WARN_EMPTY_BODY = YES;
				CLANG_WARN_ENUM_CONVERSION = YES;
				CLANG_WARN_INFINITE_RECURSION = YES;
				CLANG_WARN_INT_CONVERSION = YES;
				CLANG_WARN_NON_LITERAL_NULL_CONVERSION = YES;
				CLANG_WARN_OBJC_IMPLICIT_RETAIN_SELF = YES;
				CLANG_WARN_OBJC_LITERAL_CONVERSION = YES;
				CLANG_WARN_OBJC_ROOT_CLASS = YES_ERROR;
				CLANG_WARN_QUOTED_INCLUDE_IN_FRAMEWORK_HEADER = YES;
				CLANG_WARN_RANGE_LOOP_ANALYSIS = YES;
				CLANG_WARN_STRICT_PROTOTYPES = YES;
				CLANG_WARN_SUSPICIOUS_MOVE = YES;
				CLANG_WARN_UNGUARDED_AVAILABILITY = YES_AGGRESSIVE;
				CLANG_WARN_UNREACHABLE_CODE = YES;
				CLANG_WARN__DUPLICATE_METHOD_MATCH = YES;
				COPY_PHASE_STRIP = NO;
				DEBUG_INFORMATION_FORMAT = "dwarf-with-dsym";
				ENABLE_NS_ASSERTIONS = NO;
				ENABLE_STRICT_OBJC_MSGSEND = YES;
				GCC_C_LANGUAGE_STANDARD = gnu11;
				GCC_NO_COMMON_BLOCKS = YES;
				GCC_WARN_64_TO_32_BIT_CONVERSION = YES;
				GCC_WARN_ABOUT_RETURN_TYPE = YES_ERROR;
				GCC_WARN_UNDECLARED_SELECTOR = YES;
				GCC_WARN_UNINITIALIZED_AUTOS = YES_AGGRESSIVE;
				GCC_WARN_UNUSED_FUNCTION = YES;
				GCC_WARN_UNUSED_VARIABLE = YES;
				MACOSX_DEPLOYMENT_TARGET = 12.1;
				MTL_ENABLE_DEBUG_INFO = NO;
				MTL_FAST_MATH = YES;
				SDKROOT = macosx;
			};
			name = Release;
		};
		F27E94B027E1841C00150FB2 /* Debug */ = {
			isa = XCBuildConfiguration;
			buildSettings = {
				CLANG_WARN_QUOTED_INCLUDE_IN_FRAMEWORK_HEADER = NO;
				CODE_SIGN_STYLE = Automatic;
				COMBINE_HIDPI_IMAGES = YES;
				CURRENT_PROJECT_VERSION = 1.0.0d1;
				GENERATE_INFOPLIST_FILE = YES;
				INFOPLIST_FILE = macUSPCIO/Info.plist;
				INFOPLIST_KEY_NSHumanReadableCopyright = "";
				MACOSX_DEPLOYMENT_TARGET = 12.1;
				MARKETING_VERSION = 1.0;
				MODULE_NAME = "com.sn-labs.macUSPCIO";
				MODULE_VERSION = 1.0.0d1;
				PRODUCT_BUNDLE_IDENTIFIER = "com.sn-labs.macUSPCIO";
				PRODUCT_NAME = "$(TARGET_NAME)";
				RUN_CLANG_STATIC_ANALYZER = YES;
				SWIFT_EMIT_LOC_STRINGS = YES;
				WRAPPER_EXTENSION = kext;
			};
			name = Debug;
		};
		F27E94B127E1841C00150FB2 /* Release */ = {
			isa = XCBuildConfiguration;
			buildSettings = {
				CLANG_WARN_QUOTED_INCLUDE_IN_FRAMEWORK_HEADER = NO;
				CODE_SIGN_STYLE = Automatic;
				COMBINE_HIDPI_IMAGES = YES;
				CURRENT_PROJECT_VERSION = 1.0.0d1;
				GENERATE_INFOPLIST_FILE = YES;
				INFOPLIST_FILE = macUSPCIO/Info.plist;
				INFOPLIST_KEY_NSHumanReadableCopyright = "";
				MACOSX_DEPLOYMENT_TARGET = 12.1;
				MARKETING_VERSION = 1.0;
				MODULE_NAME = "com.sn-labs.macUSPCIO";
				MODULE_VERSION = 1.0.0d1;
				PRODUCT_BUNDLE_IDENTIFIER = "com.sn-labs.macUSPCIO";
				PRODUCT_NAME = "$(TARGET_NAME)";
				RUN_CLANG_STATIC_ANALYZER = YES;
				SWIFT_EMIT_LOC_STRINGS = YES;
				WRAPPER_EXTENSION = kext;
			};
			name = Release;
		};
/* End XCBuildConfiguration section */

/* Begin XCConfigurationList section */
		F27E949F27E1841C00150FB2 /* Build configuration list for PBXProject "macUSPCIO" */ = {
			isa = XCConfigurationList;
			buildConfigurations = (
				F27E94AD27E1841C00150FB2 /* Debug */,
				F27E94AE27E1841C00150FB2 /* Release */,
			);
			defaultConfigurationIsVisible = 0;
			defaultConfigurationName = Release;
		};
		F27E94AF27E1841C00150FB2 /* Build configuration list for PBXNativeTarget "macUSPCIO" */ = {
			isa = XCConfigurationList;
			buildConfigurations = (
				F27E94B027E1841C00150FB2 /* Debug */,
				F27E94B127E1841C00150FB2 /* Release */,
			);
			defaultConfigurationIsVisible = 0;
			defaultConfigurationName = Release;
		};
/* End XCConfigurationList section */
	};
	rootObject = F27E949C27E1841C00150FB2 /* Project object */;
}
